
Microsoft Visual Studio Solution File, Format Version 12.00
# Visual Studio Version 17
VisualStudioVersion = 17.4.33103.184
MinimumVisualStudioVersion = 10.0.40219.1
Project("{FAE04EC0-301F-11D3-BF4B-00C04F79EFBC}") = "paletizado", "paletizado\paletizado.csproj", "{61C5D1DA-192A-4BBE-94B0-24A8D2E989D8}"
EndProject
Project("{2150E333-8FDC-42A3-9474-1A3956D46DE8}") = "controller", "controller", "{68960734-1DD2-4B20-92C9-4995B9B72CAA}"
EndProject
Global
	GlobalSection(SolutionConfigurationPlatforms) = preSolution
		Debug|Any CPU = Debug|Any CPU
		Release|Any CPU = Release|Any CPU
	EndGlobalSection
	GlobalSection(ProjectConfigurationPlatforms) = postSolution
		{61C5D1DA-192A-4BBE-94B0-24A8D2E989D8}.Debug|Any CPU.ActiveCfg = Debug|Any CPU
		{61C5D1DA-192A-4BBE-94B0-24A8D2E989D8}.Debug|Any CPU.Build.0 = Debug|Any CPU
		{61C5D1DA-192A-4BBE-94B0-24A8D2E989D8}.Release|Any CPU.ActiveCfg = Release|Any CPU
		{61C5D1DA-192A-4BBE-94B0-24A8D2E989D8}.Release|Any CPU.Build.0 = Release|Any CPU
	EndGlobalSection
	GlobalSection(SolutionProperties) = preSolution
		HideSolutionNode = FALSE
	EndGlobalSection
	GlobalSection(ExtensibilityGlobals) = postSolution
		SolutionGuid = {AC431637-AB6F-4808-82C4-A2E775FCA9E5}
	EndGlobalSection
EndGlobal
